
Microsoft Visual Studio Solution File, Format Version 12.00
# Visual Studio Version 17
VisualStudioVersion = 17.14.36511.14 d17.14
MinimumVisualStudioVersion = 10.0.40219.1
Project("{8BC9CEB8-8B4A-11D0-8D11-00A0C91BC942}") = "Task_1", "Task_1\Task_1.vcxproj", "{F9F66694-D97C-4244-BD26-F53FEAB850BA}"
EndProject
Project("{8BC9CEB8-8B4A-11D0-8D11-00A0C91BC942}") = "Task_2", "Task_2\Task_2.vcxproj", "{0ED81491-E483-4DA0-9D41-605235901306}"
EndProject
Project("{8BC9CEB8-8B4A-11D0-8D11-00A0C91BC942}") = "Task_3", "Task_3\Task_3.vcxproj", "{12D3BFD6-8F90-4462-A1D2-503E3C87E05C}"
EndProject
Project("{8BC9CEB8-8B4A-11D0-8D11-00A0C91BC942}") = "Task_4", "Task_4\Task_4.vcxproj", "{736802FE-44DE-41B5-8A3E-6A519C7107EF}"
EndProject
Project("{8BC9CEB8-8B4A-11D0-8D11-00A0C91BC942}") = "Task_5", "Task_5\Task_5.vcxproj", "{9E9683EC-47C9-4C45-B120-1BFB887D7917}"
EndProject
Global
	GlobalSection(SolutionConfigurationPlatforms) = preSolution
		Debug|x64 = Debug|x64
		Debug|x86 = Debug|x86
		Release|x64 = Release|x64
		Release|x86 = Release|x86
	EndGlobalSection
	GlobalSection(ProjectConfigurationPlatforms) = postSolution
		{F9F66694-D97C-4244-BD26-F53FEAB850BA}.Debug|x64.ActiveCfg = Debug|x64
		{F9F66694-D97C-4244-BD26-F53FEAB850BA}.Debug|x64.Build.0 = Debug|x64
		{F9F66694-D97C-4244-BD26-F53FEAB850BA}.Debug|x86.ActiveCfg = Debug|Win32
		{F9F66694-D97C-4244-BD26-F53FEAB850BA}.Debug|x86.Build.0 = Debug|Win32
		{F9F66694-D97C-4244-BD26-F53FEAB850BA}.Release|x64.ActiveCfg = Release|x64
		{F9F66694-D97C-4244-BD26-F53FEAB850BA}.Release|x64.Build.0 = Release|x64
		{F9F66694-D97C-4244-BD26-F53FEAB850BA}.Release|x86.ActiveCfg = Release|Win32
		{F9F66694-D97C-4244-BD26-F53FEAB850BA}.Release|x86.Build.0 = Release|Win32
		{0ED81491-E483-4DA0-9D41-605235901306}.Debug|x64.ActiveCfg = Debug|x64
		{0ED81491-E483-4DA0-9D41-605235901306}.Debug|x64.Build.0 = Debug|x64
		{0ED81491-E483-4DA0-9D41-605235901306}.Debug|x86.ActiveCfg = Debug|Win32
		{0ED81491-E483-4DA0-9D41-605235901306}.Debug|x86.Build.0 = Debug|Win32
		{0ED81491-E483-4DA0-9D41-605235901306}.Release|x64.ActiveCfg = Release|x64
		{0ED81491-E483-4DA0-9D41-605235901306}.Release|x64.Build.0 = Release|x64
		{0ED81491-E483-4DA0-9D41-605235901306}.Release|x86.ActiveCfg = Release|Win32
		{0ED81491-E483-4DA0-9D41-605235901306}.Release|x86.Build.0 = Release|Win32
		{12D3BFD6-8F90-4462-A1D2-503E3C87E05C}.Debug|x64.ActiveCfg = Debug|x64
		{12D3BFD6-8F90-4462-A1D2-503E3C87E05C}.Debug|x64.Build.0 = Debug|x64
		{12D3BFD6-8F90-4462-A1D2-503E3C87E05C}.Debug|x86.ActiveCfg = Debug|Win32
		{12D3BFD6-8F90-4462-A1D2-503E3C87E05C}.Debug|x86.Build.0 = Debug|Win32
		{12D3BFD6-8F90-4462-A1D2-503E3C87E05C}.Release|x64.ActiveCfg = Release|x64
		{12D3BFD6-8F90-4462-A1D2-503E3C87E05C}.Release|x64.Build.0 = Release|x64
		{12D3BFD6-8F90-4462-A1D2-503E3C87E05C}.Release|x86.ActiveCfg = Release|Win32
		{12D3BFD6-8F90-4462-A1D2-503E3C87E05C}.Release|x86.Build.0 = Release|Win32
		{736802FE-44DE-41B5-8A3E-6A519C7107EF}.Debug|x64.ActiveCfg = Debug|x64
		{736802FE-44DE-41B5-8A3E-6A519C7107EF}.Debug|x64.Build.0 = Debug|x64
		{736802FE-44DE-41B5-8A3E-6A519C7107EF}.Debug|x86.ActiveCfg = Debug|Win32
		{736802FE-44DE-41B5-8A3E-6A519C7107EF}.Debug|x86.Build.0 = Debug|Win32
		{736802FE-44DE-41B5-8A3E-6A519C7107EF}.Release|x64.ActiveCfg = Release|x64
		{736802FE-44DE-41B5-8A3E-6A519C7107EF}.Release|x64.Build.0 = Release|x64
		{736802FE-44DE-41B5-8A3E-6A519C7107EF}.Release|x86.ActiveCfg = Release|Win32
		{736802FE-44DE-41B5-8A3E-6A519C7107EF}.Release|x86.Build.0 = Release|Win32
		{9E9683EC-47C9-4C45-B120-1BFB887D7917}.Debug|x64.ActiveCfg = Debug|x64
		{9E9683EC-47C9-4C45-B120-1BFB887D7917}.Debug|x64.Build.0 = Debug|x64
		{9E9683EC-47C9-4C45-B120-1BFB887D7917}.Debug|x86.ActiveCfg = Debug|Win32
		{9E9683EC-47C9-4C45-B120-1BFB887D7917}.Debug|x86.Build.0 = Debug|Win32
		{9E9683EC-47C9-4C45-B120-1BFB887D7917}.Release|x64.ActiveCfg = Release|x64
		{9E9683EC-47C9-4C45-B120-1BFB887D7917}.Release|x64.Build.0 = Release|x64
		{9E9683EC-47C9-4C45-B120-1BFB887D7917}.Release|x86.ActiveCfg = Release|Win32
		{9E9683EC-47C9-4C45-B120-1BFB887D7917}.Release|x86.Build.0 = Release|Win32
	EndGlobalSection
	GlobalSection(SolutionProperties) = preSolution
		HideSolutionNode = FALSE
	EndGlobalSection
	GlobalSection(ExtensibilityGlobals) = postSolution
		SolutionGuid = {3CB56CE8-6C7E-4C22-B42A-1C5E5CBEFC3F}
	EndGlobalSection
EndGlobal
