
Microsoft Visual Studio Solution File, Format Version 12.00
# Visual Studio Version 17
VisualStudioVersion = 17.14.36511.14
MinimumVisualStudioVersion = 10.0.40219.1
Project("{8BC9CEB8-8B4A-11D0-8D11-00A0C91BC942}") = "Task_1", "Task_1\Task_1.vcxproj", "{F9F66694-D97C-4244-BD26-F53FEAB850BA}"
EndProject
Project("{8BC9CEB8-8B4A-11D0-8D11-00A0C91BC942}") = "Task_2", "Task_2\Task_2.vcxproj", "{0ED81491-E483-4DA0-9D41-605235901306}"
EndProject
Project("{8BC9CEB8-8B4A-11D0-8D11-00A0C91BC942}") = "Task_3", "Task_3\Task_3.vcxproj", "{12D3BFD6-8F90-4462-A1D2-503E3C87E05C}"
EndProject
Project("{8BC9CEB8-8B4A-11D0-8D11-00A0C91BC942}") = "Task_4", "Task_4\Task_4.vcxproj", "{736802FE-44DE-41B5-8A3E-6A519C7107EF}"
EndProject
Project("{8BC9CEB8-8B4A-11D0-8D11-00A0C91BC942}") = "Task_5", "Task_5\Task_5.vcxproj", "{9E9683EC-47C9-4C45-B120-1BFB887D7917}"
EndProject
Project("{8BC9CEB8-8B4A-11D0-8D11-00A0C91BC942}") = "Task_6", "Task_6\Task_6.vcxproj", "{893AD238-6B28-457C-B0B4-F363EA8056CA}"
EndProject
Project("{8BC9CEB8-8B4A-11D0-8D11-00A0C91BC942}") = "Task_7", "Task_7\Task_7.vcxproj", "{13652DC0-8022-4B45-A8E8-9E9A54585CDC}"
EndProject
Project("{8BC9CEB8-8B4A-11D0-8D11-00A0C91BC942}") = "Task_8", "Task_8\Task_8.vcxproj", "{97E8047A-9019-4A53-BF3C-E7D49DEBF0E3}"
EndProject
Project("{8BC9CEB8-8B4A-11D0-8D11-00A0C91BC942}") = "Task_9", "Task_9\Task_9.vcxproj", "{F2562C0A-6165-44C3-8217-DA009015CEA5}"
EndProject
Project("{8BC9CEB8-8B4A-11D0-8D11-00A0C91BC942}") = "Task_10", "Task_10\Task_10.vcxproj", "{A002EFE9-E8B0-4D2B-8A6D-47CDEA210DD9}"
EndProject
Project("{8BC9CEB8-8B4A-11D0-8D11-00A0C91BC942}") = "Task_11", "Task_11\Task_11.vcxproj", "{4026ECA3-D758-4EBF-AA20-B6C7F19393C1}"
EndProject
Project("{8BC9CEB8-8B4A-11D0-8D11-00A0C91BC942}") = "Task_13", "Task_13\Task_13.vcxproj", "{524A5DFB-AB73-48BF-BB9F-2E2CCB490BEB}"
EndProject
Global
	GlobalSection(SolutionConfigurationPlatforms) = preSolution
		Debug|x64 = Debug|x64
		Debug|x86 = Debug|x86
		Release|x64 = Release|x64
		Release|x86 = Release|x86
	EndGlobalSection
	GlobalSection(ProjectConfigurationPlatforms) = postSolution
		{F9F66694-D97C-4244-BD26-F53FEAB850BA}.Debug|x64.ActiveCfg = Debug|x64
		{F9F66694-D97C-4244-BD26-F53FEAB850BA}.Debug|x64.Build.0 = Debug|x64
		{F9F66694-D97C-4244-BD26-F53FEAB850BA}.Debug|x86.ActiveCfg = Debug|Win32
		{F9F66694-D97C-4244-BD26-F53FEAB850BA}.Debug|x86.Build.0 = Debug|Win32
		{F9F66694-D97C-4244-BD26-F53FEAB850BA}.Release|x64.ActiveCfg = Release|x64
		{F9F66694-D97C-4244-BD26-F53FEAB850BA}.Release|x64.Build.0 = Release|x64
		{F9F66694-D97C-4244-BD26-F53FEAB850BA}.Release|x86.ActiveCfg = Release|Win32
		{F9F66694-D97C-4244-BD26-F53FEAB850BA}.Release|x86.Build.0 = Release|Win32
		{0ED81491-E483-4DA0-9D41-605235901306}.Debug|x64.ActiveCfg = Debug|x64
		{0ED81491-E483-4DA0-9D41-605235901306}.Debug|x64.Build.0 = Debug|x64
		{0ED81491-E483-4DA0-9D41-605235901306}.Debug|x86.ActiveCfg = Debug|Win32
		{0ED81491-E483-4DA0-9D41-605235901306}.Debug|x86.Build.0 = Debug|Win32
		{0ED81491-E483-4DA0-9D41-605235901306}.Release|x64.ActiveCfg = Release|x64
		{0ED81491-E483-4DA0-9D41-605235901306}.Release|x64.Build.0 = Release|x64
		{0ED81491-E483-4DA0-9D41-605235901306}.Release|x86.ActiveCfg = Release|Win32
		{0ED81491-E483-4DA0-9D41-605235901306}.Release|x86.Build.0 = Release|Win32
		{12D3BFD6-8F90-4462-A1D2-503E3C87E05C}.Debug|x64.ActiveCfg = Debug|x64
		{12D3BFD6-8F90-4462-A1D2-503E3C87E05C}.Debug|x64.Build.0 = Debug|x64
		{12D3BFD6-8F90-4462-A1D2-503E3C87E05C}.Debug|x86.ActiveCfg = Debug|Win32
		{12D3BFD6-8F90-4462-A1D2-503E3C87E05C}.Debug|x86.Build.0 = Debug|Win32
		{12D3BFD6-8F90-4462-A1D2-503E3C87E05C}.Release|x64.ActiveCfg = Release|x64
		{12D3BFD6-8F90-4462-A1D2-503E3C87E05C}.Release|x64.Build.0 = Release|x64
		{12D3BFD6-8F90-4462-A1D2-503E3C87E05C}.Release|x86.ActiveCfg = Release|Win32
		{12D3BFD6-8F90-4462-A1D2-503E3C87E05C}.Release|x86.Build.0 = Release|Win32
		{736802FE-44DE-41B5-8A3E-6A519C7107EF}.Debug|x64.ActiveCfg = Debug|x64
		{736802FE-44DE-41B5-8A3E-6A519C7107EF}.Debug|x64.Build.0 = Debug|x64
		{736802FE-44DE-41B5-8A3E-6A519C7107EF}.Debug|x86.ActiveCfg = Debug|Win32
		{736802FE-44DE-41B5-8A3E-6A519C7107EF}.Debug|x86.Build.0 = Debug|Win32
		{736802FE-44DE-41B5-8A3E-6A519C7107EF}.Release|x64.ActiveCfg = Release|x64
		{736802FE-44DE-41B5-8A3E-6A519C7107EF}.Release|x64.Build.0 = Release|x64
		{736802FE-44DE-41B5-8A3E-6A519C7107EF}.Release|x86.ActiveCfg = Release|Win32
		{736802FE-44DE-41B5-8A3E-6A519C7107EF}.Release|x86.Build.0 = Release|Win32
		{9E9683EC-47C9-4C45-B120-1BFB887D7917}.Debug|x64.ActiveCfg = Debug|x64
		{9E9683EC-47C9-4C45-B120-1BFB887D7917}.Debug|x64.Build.0 = Debug|x64
		{9E9683EC-47C9-4C45-B120-1BFB887D7917}.Debug|x86.ActiveCfg = Debug|Win32
		{9E9683EC-47C9-4C45-B120-1BFB887D7917}.Debug|x86.Build.0 = Debug|Win32
		{9E9683EC-47C9-4C45-B120-1BFB887D7917}.Release|x64.ActiveCfg = Release|x64
		{9E9683EC-47C9-4C45-B120-1BFB887D7917}.Release|x64.Build.0 = Release|x64
		{9E9683EC-47C9-4C45-B120-1BFB887D7917}.Release|x86.ActiveCfg = Release|Win32
		{9E9683EC-47C9-4C45-B120-1BFB887D7917}.Release|x86.Build.0 = Release|Win32
		{893AD238-6B28-457C-B0B4-F363EA8056CA}.Debug|x64.ActiveCfg = Debug|x64
		{893AD238-6B28-457C-B0B4-F363EA8056CA}.Debug|x64.Build.0 = Debug|x64
		{893AD238-6B28-457C-B0B4-F363EA8056CA}.Debug|x86.ActiveCfg = Debug|Win32
		{893AD238-6B28-457C-B0B4-F363EA8056CA}.Debug|x86.Build.0 = Debug|Win32
		{893AD238-6B28-457C-B0B4-F363EA8056CA}.Release|x64.ActiveCfg = Release|x64
		{893AD238-6B28-457C-B0B4-F363EA8056CA}.Release|x64.Build.0 = Release|x64
		{893AD238-6B28-457C-B0B4-F363EA8056CA}.Release|x86.ActiveCfg = Release|Win32
		{893AD238-6B28-457C-B0B4-F363EA8056CA}.Release|x86.Build.0 = Release|Win32
		{13652DC0-8022-4B45-A8E8-9E9A54585CDC}.Debug|x64.ActiveCfg = Debug|x64
		{13652DC0-8022-4B45-A8E8-9E9A54585CDC}.Debug|x64.Build.0 = Debug|x64
		{13652DC0-8022-4B45-A8E8-9E9A54585CDC}.Debug|x86.ActiveCfg = Debug|Win32
		{13652DC0-8022-4B45-A8E8-9E9A54585CDC}.Debug|x86.Build.0 = Debug|Win32
		{13652DC0-8022-4B45-A8E8-9E9A54585CDC}.Release|x64.ActiveCfg = Release|x64
		{13652DC0-8022-4B45-A8E8-9E9A54585CDC}.Release|x64.Build.0 = Release|x64
		{13652DC0-8022-4B45-A8E8-9E9A54585CDC}.Release|x86.ActiveCfg = Release|Win32
		{13652DC0-8022-4B45-A8E8-9E9A54585CDC}.Release|x86.Build.0 = Release|Win32
		{97E8047A-9019-4A53-BF3C-E7D49DEBF0E3}.Debug|x64.ActiveCfg = Debug|x64
		{97E8047A-9019-4A53-BF3C-E7D49DEBF0E3}.Debug|x64.Build.0 = Debug|x64
		{97E8047A-9019-4A53-BF3C-E7D49DEBF0E3}.Debug|x86.ActiveCfg = Debug|Win32
		{97E8047A-9019-4A53-BF3C-E7D49DEBF0E3}.Debug|x86.Build.0 = Debug|Win32
		{97E8047A-9019-4A53-BF3C-E7D49DEBF0E3}.Release|x64.ActiveCfg = Release|x64
		{97E8047A-9019-4A53-BF3C-E7D49DEBF0E3}.Release|x64.Build.0 = Release|x64
		{97E8047A-9019-4A53-BF3C-E7D49DEBF0E3}.Release|x86.ActiveCfg = Release|Win32
		{97E8047A-9019-4A53-BF3C-E7D49DEBF0E3}.Release|x86.Build.0 = Release|Win32
		{F2562C0A-6165-44C3-8217-DA009015CEA5}.Debug|x64.ActiveCfg = Debug|x64
		{F2562C0A-6165-44C3-8217-DA009015CEA5}.Debug|x64.Build.0 = Debug|x64
		{F2562C0A-6165-44C3-8217-DA009015CEA5}.Debug|x86.ActiveCfg = Debug|Win32
		{F2562C0A-6165-44C3-8217-DA009015CEA5}.Debug|x86.Build.0 = Debug|Win32
		{F2562C0A-6165-44C3-8217-DA009015CEA5}.Release|x64.ActiveCfg = Release|x64
		{F2562C0A-6165-44C3-8217-DA009015CEA5}.Release|x64.Build.0 = Release|x64
		{F2562C0A-6165-44C3-8217-DA009015CEA5}.Release|x86.ActiveCfg = Release|Win32
		{F2562C0A-6165-44C3-8217-DA009015CEA5}.Release|x86.Build.0 = Release|Win32
		{A002EFE9-E8B0-4D2B-8A6D-47CDEA210DD9}.Debug|x64.ActiveCfg = Debug|x64
		{A002EFE9-E8B0-4D2B-8A6D-47CDEA210DD9}.Debug|x64.Build.0 = Debug|x64
		{A002EFE9-E8B0-4D2B-8A6D-47CDEA210DD9}.Debug|x86.ActiveCfg = Debug|Win32
		{A002EFE9-E8B0-4D2B-8A6D-47CDEA210DD9}.Debug|x86.Build.0 = Debug|Win32
		{A002EFE9-E8B0-4D2B-8A6D-47CDEA210DD9}.Release|x64.ActiveCfg = Release|x64
		{A002EFE9-E8B0-4D2B-8A6D-47CDEA210DD9}.Release|x64.Build.0 = Release|x64
		{A002EFE9-E8B0-4D2B-8A6D-47CDEA210DD9}.Release|x86.ActiveCfg = Release|Win32
		{A002EFE9-E8B0-4D2B-8A6D-47CDEA210DD9}.Release|x86.Build.0 = Release|Win32
		{4026ECA3-D758-4EBF-AA20-B6C7F19393C1}.Debug|x64.ActiveCfg = Debug|x64
		{4026ECA3-D758-4EBF-AA20-B6C7F19393C1}.Debug|x64.Build.0 = Debug|x64
		{4026ECA3-D758-4EBF-AA20-B6C7F19393C1}.Debug|x86.ActiveCfg = Debug|Win32
		{4026ECA3-D758-4EBF-AA20-B6C7F19393C1}.Debug|x86.Build.0 = Debug|Win32
		{4026ECA3-D758-4EBF-AA20-B6C7F19393C1}.Release|x64.ActiveCfg = Release|x64
		{4026ECA3-D758-4EBF-AA20-B6C7F19393C1}.Release|x64.Build.0 = Release|x64
		{4026ECA3-D758-4EBF-AA20-B6C7F19393C1}.Release|x86.ActiveCfg = Release|Win32
		{4026ECA3-D758-4EBF-AA20-B6C7F19393C1}.Release|x86.Build.0 = Release|Win32
		{524A5DFB-AB73-48BF-BB9F-2E2CCB490BEB}.Debug|x64.ActiveCfg = Debug|x64
		{524A5DFB-AB73-48BF-BB9F-2E2CCB490BEB}.Debug|x64.Build.0 = Debug|x64
		{524A5DFB-AB73-48BF-BB9F-2E2CCB490BEB}.Debug|x86.ActiveCfg = Debug|Win32
		{524A5DFB-AB73-48BF-BB9F-2E2CCB490BEB}.Debug|x86.Build.0 = Debug|Win32
		{524A5DFB-AB73-48BF-BB9F-2E2CCB490BEB}.Release|x64.ActiveCfg = Release|x64
		{524A5DFB-AB73-48BF-BB9F-2E2CCB490BEB}.Release|x64.Build.0 = Release|x64
		{524A5DFB-AB73-48BF-BB9F-2E2CCB490BEB}.Release|x86.ActiveCfg = Release|Win32
		{524A5DFB-AB73-48BF-BB9F-2E2CCB490BEB}.Release|x86.Build.0 = Release|Win32
	EndGlobalSection
	GlobalSection(SolutionProperties) = preSolution
		HideSolutionNode = FALSE
	EndGlobalSection
	GlobalSection(ExtensibilityGlobals) = postSolution
		SolutionGuid = {3CB56CE8-6C7E-4C22-B42A-1C5E5CBEFC3F}
	EndGlobalSection
EndGlobal
